PODS:
  - EstimoteSDK (3.7.0)
  - JSONModel (1.1.2)
  - SVProgressHUD (1.1.3)

DEPENDENCIES:
  - EstimoteSDK (~> 3.7)
  - JSONModel
  - SVProgressHUD

SPEC CHECKSUMS:
  EstimoteSDK: 3ecb389bf661493612a5a70ce1cd8d3c45b4561b
  JSONModel: 216584d0311b053ff714f1d6cb700dbf890847bc
  SVProgressHUD: 748080e4f36e603f6c02aec292664239df5279c1

COCOAPODS: 0.38.2
